{
    "_meta": {
        "hash": {
            "sha256": "628cf75506ea5aa3e26b9ff2c432ed46bc1154f9c4f535f1471d4208c150e189"
        },
        "pipfile-spec": 6,
        "requires": {
            "python_version": "3.12"
        },
        "sources": [
            {
                "name": "pypi",
                "url": "https://pypi.org/simple",
                "verify_ssl": true
            }
        ]
    },
    "default": {
        "pulp": {
            "hashes": [
                "sha256:4903bf96110bbab8ed2c68533f90565ebb76aa367d9e4df38e51bf727927c125",
                "sha256:4a19814a5b0a4392d788ac2315263435293579b0583c3469943fe0c6a586f263"
            ],
            "index": "pypi",
            "markers": "python_version >= '3.7'",
            "version": "==2.8.0"
        }
    },
    "develop": {}
}
